
Microsoft Visual Studio Solution File, Format Version 12.00
# Visual Studio Version 16
VisualStudioVersion = 16.0.32002.261
MinimumVisualStudioVersion = 10.0.40219.1
Project("{FAE04EC0-301F-11D3-BF4B-00C04F79EFBC}") = "Bai3", "Bai3\Bai3.csproj", "{FA2DF33C-8FB0-4536-A137-711C5971F7CC}"
EndProject
Project("{FAE04EC0-301F-11D3-BF4B-00C04F79EFBC}") = "Bai4", "Bai4\Bai4.csproj", "{7A17CC7D-8256-479B-8B76-C6C8E3DB4AF8}"
EndProject
Project("{FAE04EC0-301F-11D3-BF4B-00C04F79EFBC}") = "Bai5", "Bai5\Bai5.csproj", "{8DC895D6-C232-4843-9212-76324E7C2C19}"
EndProject
Project("{FAE04EC0-301F-11D3-BF4B-00C04F79EFBC}") = "Bai6", "Bai6\Bai6.csproj", "{B4DA45F7-BA35-46F8-A7F7-8FBD61EB6533}"
EndProject
Project("{FAE04EC0-301F-11D3-BF4B-00C04F79EFBC}") = "Bai7", "Bai7\Bai7.csproj", "{A2D46374-39F3-4791-B469-375B31B947FB}"
EndProject
Global
	GlobalSection(SolutionConfigurationPlatforms) = preSolution
		Debug|Any CPU = Debug|Any CPU
		Release|Any CPU = Release|Any CPU
	EndGlobalSection
	GlobalSection(ProjectConfigurationPlatforms) = postSolution
		{FA2DF33C-8FB0-4536-A137-711C5971F7CC}.Debug|Any CPU.ActiveCfg = Debug|Any CPU
		{FA2DF33C-8FB0-4536-A137-711C5971F7CC}.Debug|Any CPU.Build.0 = Debug|Any CPU
		{FA2DF33C-8FB0-4536-A137-711C5971F7CC}.Release|Any CPU.ActiveCfg = Release|Any CPU
		{FA2DF33C-8FB0-4536-A137-711C5971F7CC}.Release|Any CPU.Build.0 = Release|Any CPU
		{7A17CC7D-8256-479B-8B76-C6C8E3DB4AF8}.Debug|Any CPU.ActiveCfg = Debug|Any CPU
		{7A17CC7D-8256-479B-8B76-C6C8E3DB4AF8}.Debug|Any CPU.Build.0 = Debug|Any CPU
		{7A17CC7D-8256-479B-8B76-C6C8E3DB4AF8}.Release|Any CPU.ActiveCfg = Release|Any CPU
		{7A17CC7D-8256-479B-8B76-C6C8E3DB4AF8}.Release|Any CPU.Build.0 = Release|Any CPU
		{8DC895D6-C232-4843-9212-76324E7C2C19}.Debug|Any CPU.ActiveCfg = Debug|Any CPU
		{8DC895D6-C232-4843-9212-76324E7C2C19}.Debug|Any CPU.Build.0 = Debug|Any CPU
		{8DC895D6-C232-4843-9212-76324E7C2C19}.Release|Any CPU.ActiveCfg = Release|Any CPU
		{8DC895D6-C232-4843-9212-76324E7C2C19}.Release|Any CPU.Build.0 = Release|Any CPU
		{B4DA45F7-BA35-46F8-A7F7-8FBD61EB6533}.Debug|Any CPU.ActiveCfg = Debug|Any CPU
		{B4DA45F7-BA35-46F8-A7F7-8FBD61EB6533}.Debug|Any CPU.Build.0 = Debug|Any CPU
		{B4DA45F7-BA35-46F8-A7F7-8FBD61EB6533}.Release|Any CPU.ActiveCfg = Release|Any CPU
		{B4DA45F7-BA35-46F8-A7F7-8FBD61EB6533}.Release|Any CPU.Build.0 = Release|Any CPU
		{A2D46374-39F3-4791-B469-375B31B947FB}.Debug|Any CPU.ActiveCfg = Debug|Any CPU
		{A2D46374-39F3-4791-B469-375B31B947FB}.Debug|Any CPU.Build.0 = Debug|Any CPU
		{A2D46374-39F3-4791-B469-375B31B947FB}.Release|Any CPU.ActiveCfg = Release|Any CPU
		{A2D46374-39F3-4791-B469-375B31B947FB}.Release|Any CPU.Build.0 = Release|Any CPU
	EndGlobalSection
	GlobalSection(SolutionProperties) = preSolution
		HideSolutionNode = FALSE
	EndGlobalSection
	GlobalSection(ExtensibilityGlobals) = postSolution
		SolutionGuid = {8774C3D6-ADEE-41F9-A706-8CF311B23F57}
	EndGlobalSection
EndGlobal
