
Microsoft Visual Studio Solution File, Format Version 12.00
# Visual Studio Version 16
VisualStudioVersion = 16.0.32002.261
MinimumVisualStudioVersion = 10.0.40219.1
Project("{FAE04EC0-301F-11D3-BF4B-00C04F79EFBC}") = "16.02.2022", "16.02.2022\16.02.2022.csproj", "{D38EFAFA-EB42-4557-B06E-221427569D43}"
EndProject
Global
	GlobalSection(SolutionConfigurationPlatforms) = preSolution
		Debug|Any CPU = Debug|Any CPU
		Release|Any CPU = Release|Any CPU
	EndGlobalSection
	GlobalSection(ProjectConfigurationPlatforms) = postSolution
		{D38EFAFA-EB42-4557-B06E-221427569D43}.Debug|Any CPU.ActiveCfg = Debug|Any CPU
		{D38EFAFA-EB42-4557-B06E-221427569D43}.Debug|Any CPU.Build.0 = Debug|Any CPU
		{D38EFAFA-EB42-4557-B06E-221427569D43}.Release|Any CPU.ActiveCfg = Release|Any CPU
		{D38EFAFA-EB42-4557-B06E-221427569D43}.Release|Any CPU.Build.0 = Release|Any CPU
	EndGlobalSection
	GlobalSection(SolutionProperties) = preSolution
		HideSolutionNode = FALSE
	EndGlobalSection
	GlobalSection(ExtensibilityGlobals) = postSolution
		SolutionGuid = {BD5F1F5B-7E94-4763-B81F-FB58B4B5F61B}
	EndGlobalSection
EndGlobal
